
Microsoft Visual Studio Solution File, Format Version 12.00
# Visual Studio Version 17
VisualStudioVersion = 17.0.32014.148
MinimumVisualStudioVersion = 10.0.40219.1
Project("{FAE04EC0-301F-11D3-BF4B-00C04F79EFBC}") = "GY - CheckboxPasswordForm", "GY - CheckboxPasswordForm\GY - CheckboxPasswordForm.csproj", "{BD3F1629-40CA-4E14-90A5-CE0D710FF8AC}"
EndProject
Global
	GlobalSection(SolutionConfigurationPlatforms) = preSolution
		Debug|Any CPU = Debug|Any CPU
		Release|Any CPU = Release|Any CPU
	EndGlobalSection
	GlobalSection(ProjectConfigurationPlatforms) = postSolution
		{BD3F1629-40CA-4E14-90A5-CE0D710FF8AC}.Debug|Any CPU.ActiveCfg = Debug|Any CPU
		{BD3F1629-40CA-4E14-90A5-CE0D710FF8AC}.Debug|Any CPU.Build.0 = Debug|Any CPU
		{BD3F1629-40CA-4E14-90A5-CE0D710FF8AC}.Release|Any CPU.ActiveCfg = Release|Any CPU
		{BD3F1629-40CA-4E14-90A5-CE0D710FF8AC}.Release|Any CPU.Build.0 = Release|Any CPU
	EndGlobalSection
	GlobalSection(SolutionProperties) = preSolution
		HideSolutionNode = FALSE
	EndGlobalSection
	GlobalSection(ExtensibilityGlobals) = postSolution
		SolutionGuid = {A08653C8-9FB4-483F-83F3-F4EB9061887B}
	EndGlobalSection
EndGlobal
